Microsoft Visual Studio Solution File, Format Version 12.00
# Visual Studio Version 17
VisualStudioVersion = 17.5.2.0
MinimumVisualStudioVersion = 10.0.40219.1
Project("{FAE04EC0-301F-11D3-BF4B-00C04F79EFBC}") = "Projeto-Busca-Preco", "Projeto-Busca-Preco.csproj", "{5FE6B42A-9097-57DE-51B7-B42706991DD9}"
EndProject
Global
	GlobalSection(SolutionConfigurationPlatforms) = preSolution
		Debug|Any CPU = Debug|Any CPU
		Release|Any CPU = Release|Any CPU
	EndGlobalSection
	GlobalSection(ProjectConfigurationPlatforms) = postSolution
		{5FE6B42A-9097-57DE-51B7-B42706991DD9}.Debug|Any CPU.ActiveCfg = Debug|Any CPU
		{5FE6B42A-9097-57DE-51B7-B42706991DD9}.Debug|Any CPU.Build.0 = Debug|Any CPU
		{5FE6B42A-9097-57DE-51B7-B42706991DD9}.Release|Any CPU.ActiveCfg = Release|Any CPU
		{5FE6B42A-9097-57DE-51B7-B42706991DD9}.Release|Any CPU.Build.0 = Release|Any CPU
	EndGlobalSection
	GlobalSection(SolutionProperties) = preSolution
		HideSolutionNode = FALSE
	EndGlobalSection
	GlobalSection(ExtensibilityGlobals) = postSolution
		SolutionGuid = {BC7B41B1-FD44-4E76-B6FE-EC7133391514}
	EndGlobalSection
EndGlobal
